{"1.2.0",
[{<<"jesse">>,
  {git,"https://github.com/for-GET/jesse.git",
       {ref,"cf075d213ae9e9c54a748c93cc64d5350e646f9a"}},
  0},
 {<<"jsx">>,{pkg,<<"jsx">>,<<"3.1.0">>},1},
 {<<"rfc3339">>,{pkg,<<"rfc3339">>,<<"0.2.2">>},1}]}.
[
{pkg_hash,[
 {<<"jsx">>, <<"D12516BAA0BB23A59BB35DCCAF02A1BD08243FCBB9EFE24F2D9D056CCFF71268">>},
 {<<"rfc3339">>, <<"1552DF616ACA368D982E9F085A0E933B6688A3F4938A671798978EC2C0C58730">>}]},
{pkg_hash_ext,[
 {<<"jsx">>, <<"0C5CC8FDC11B53CC25CF65AC6705AD39E54ECC56D1C22E4ADB8F5A53FB9427F3">>},
 {<<"rfc3339">>, <<"986D7F9BAC6891AA4D5051690058DE4E623245620BBEADA7F239F85C4DF8F23C">>}]}
].
